# sha1  upstream-path (written with: glass/scripts/check-overrides.sh --add <upstream-path>)
e9d25cf7fafd86de1606b6536f07b1eddd882696  leanbackassistant/src/ststable/res/xml/searchable.xml
7df647b8fdc2643e327788c93e53e9da15e7586f  leanbackassistant/src/ststable/res/values/strings.xml
7d03c0183d1c21231cfaf4cde38dbba15bc4a406  leanback-1.0.0/src/main/res/layout/lb_headers_fragment.xml
5241618fce64061bfe8a8edc5a764f7e47d4027e  smarttubetv/src/main/res/layout/icon_header_item.xml
e3005c8dba21f08fe2eea2dc7cc219b8c952c254  smarttubetv/src/main/res/layout/settings_card.xml
